
Microsoft Visual Studio Solution File, Format Version 12.00
# Visual Studio Version 17
VisualStudioVersion = 17.2.32630.192
MinimumVisualStudioVersion = 10.0.40219.1
Project("{9A19103F-16F7-4668-BE54-9A1E7A4F7556}") = "R5T.S0077", "R5T.S0077\R5T.S0077.csproj", "{795EE159-8A8F-4DC7-B4F8-D619C8DE54A2}"
EndProject
Project("{2150E333-8FDC-42A3-9474-1A3956D46DE8}") = "_Dependencies", "_Dependencies", "{DB19DE9C-29D9-406F-87ED-28B178FE9596}"
EndProject
Project("{9A19103F-16F7-4668-BE54-9A1E7A4F7556}") = "R5T.F0000", "..\..\R5T.F0000\source\R5T.F0000\R5T.F0000.csproj", "{4277DBF1-2507-45FB-B375-53248B81DBB6}"
EndProject
Project("{9A19103F-16F7-4668-BE54-9A1E7A4F7556}") = "R5T.F0002", "..\..\R5T.F0002\source\R5T.F0002\R5T.F0002.csproj", "{DE9B8A7D-5E04-4FC0-A415-A970F467F9E2}"
EndProject
Project("{9A19103F-16F7-4668-BE54-9A1E7A4F7556}") = "R5T.F0120", "..\..\R5T.F0120\source\R5T.F0120\R5T.F0120.csproj", "{1DC25150-F622-4F40-881C-B0DA4403136A}"
EndProject
Project("{9A19103F-16F7-4668-BE54-9A1E7A4F7556}") = "R5T.F0124", "..\..\R5T.F0124\source\R5T.F0124\R5T.F0124.csproj", "{5D70E9B2-AF51-4298-9BEE-F4A87D9F8B03}"
EndProject
Project("{9A19103F-16F7-4668-BE54-9A1E7A4F7556}") = "R5T.F0125", "..\..\R5T.F0125\source\R5T.F0125\R5T.F0125.csproj", "{B9196017-585C-481D-A104-DF81B6F0CAAC}"
EndProject
Project("{9A19103F-16F7-4668-BE54-9A1E7A4F7556}") = "R5T.F0135", "..\..\R5T.F0135\source\R5T.F0135\R5T.F0135.csproj", "{41AED727-8E42-40A5-9F4F-B99FB4465409}"
EndProject
Project("{9A19103F-16F7-4668-BE54-9A1E7A4F7556}") = "R5T.L0030.T000", "..\..\R5T.L0030\source\R5T.L0030.T000\R5T.L0030.T000.csproj", "{559B78AC-0BF2-43B6-A8A6-290822DFBAE9}"
EndProject
Project("{9A19103F-16F7-4668-BE54-9A1E7A4F7556}") = "R5T.L0030", "..\..\R5T.L0030\source\R5T.L0030\R5T.L0030.csproj", "{47C5DC0E-CE04-4CFE-8F96-5389A1C6AC40}"
EndProject
Project("{9A19103F-16F7-4668-BE54-9A1E7A4F7556}") = "R5T.L0034", "..\..\R5T.L0034\source\R5T.L0034\R5T.L0034.csproj", "{934222C1-E534-4ED0-83EE-E279C57E5B67}"
EndProject
Project("{9A19103F-16F7-4668-BE54-9A1E7A4F7556}") = "R5T.L0035", "..\..\R5T.L0035\source\R5T.L0035\R5T.L0035.csproj", "{B5F3433A-195A-43DA-8CC7-E84D547977AC}"
EndProject
Project("{9A19103F-16F7-4668-BE54-9A1E7A4F7556}") = "R5T.NG0021", "..\..\R5T.NG0021\source\R5T.NG0021\R5T.NG0021.csproj", "{6A0B5929-E226-418E-AEDB-C71631E4A061}"
EndProject
Project("{9A19103F-16F7-4668-BE54-9A1E7A4F7556}") = "R5T.O0020", "..\..\R5T.O0020\source\R5T.O0020\R5T.O0020.csproj", "{D94B5F98-66B3-4FF4-BE14-6C97DA4EAEED}"
EndProject
Project("{9A19103F-16F7-4668-BE54-9A1E7A4F7556}") = "R5T.T0131", "..\..\R5T.T0131\source\R5T.T0131\R5T.T0131.csproj", "{9582E951-476A-4EED-BFB3-436EAB8AB3DB}"
EndProject
Project("{9A19103F-16F7-4668-BE54-9A1E7A4F7556}") = "R5T.T0132", "..\..\R5T.T0132\source\R5T.T0132\R5T.T0132.csproj", "{B4A01A07-7935-4970-A8F6-B1BEB6E9CB57}"
EndProject
Project("{9A19103F-16F7-4668-BE54-9A1E7A4F7556}") = "R5T.T0142", "..\..\R5T.T0142\source\R5T.T0142\R5T.T0142.csproj", "{1D3FB997-6DD4-4E08-AEA5-F52DBC28623B}"
EndProject
Project("{9A19103F-16F7-4668-BE54-9A1E7A4F7556}") = "R5T.T0143", "..\..\R5T.T0143\source\R5T.T0143\R5T.T0143.csproj", "{572D5F8A-70E5-4923-860A-AEFD3245ABEF}"
EndProject
Project("{9A19103F-16F7-4668-BE54-9A1E7A4F7556}") = "R5T.T0156", "..\..\R5T.T0156\source\R5T.T0156\R5T.T0156.csproj", "{5BA175D3-BC28-44C0-9F38-2AF3EF6DC6F3}"
EndProject
Project("{9A19103F-16F7-4668-BE54-9A1E7A4F7556}") = "R5T.T0174", "..\..\R5T.T0174\source\R5T.T0174\R5T.T0174.csproj", "{0892ACB7-627F-4E42-8280-B7286A876DD9}"
EndProject
Project("{9A19103F-16F7-4668-BE54-9A1E7A4F7556}") = "R5T.T0176", "..\..\R5T.T0176\source\R5T.T0176\R5T.T0176.csproj", "{4391711B-3A2C-4852-8207-7B890D2A1260}"
EndProject
Project("{9A19103F-16F7-4668-BE54-9A1E7A4F7556}") = "R5T.T0177", "..\..\R5T.T0177\source\R5T.T0177\R5T.T0177.csproj", "{091BEB2C-E303-484E-BC5D-9F8D879C6C8D}"
EndProject
Project("{9A19103F-16F7-4668-BE54-9A1E7A4F7556}") = "R5T.T0178", "..\..\R5T.T0178\source\R5T.T0178\R5T.T0178.csproj", "{37081DFD-F514-4B21-B221-8F28D896B0DE}"
EndProject
Project("{9A19103F-16F7-4668-BE54-9A1E7A4F7556}") = "R5T.T0179", "..\..\R5T.T0179\source\R5T.T0179\R5T.T0179.csproj", "{FEDF534D-D6BD-4DD6-9EDE-27AD06E28347}"
EndProject
Project("{9A19103F-16F7-4668-BE54-9A1E7A4F7556}") = "R5T.T0180", "..\..\R5T.T0180\source\R5T.T0180\R5T.T0180.csproj", "{EE483C27-89EF-45DE-B3EB-86D62DFCB0A3}"
EndProject
Project("{9A19103F-16F7-4668-BE54-9A1E7A4F7556}") = "R5T.T0181", "..\..\R5T.T0181\source\R5T.T0181\R5T.T0181.csproj", "{94CBE302-92ED-4B2C-A1F6-CE5155E86DA9}"
EndProject
Project("{9A19103F-16F7-4668-BE54-9A1E7A4F7556}") = "R5T.T0185", "..\..\R5T.T0185\source\R5T.T0185\R5T.T0185.csproj", "{0E730738-871E-488C-920B-92B4EACA572D}"
EndProject
Project("{9A19103F-16F7-4668-BE54-9A1E7A4F7556}") = "R5T.T0203", "..\..\R5T.T0203\source\R5T.T0203\R5T.T0203.csproj", "{0DFB2071-C16B-4F8F-BCDF-307E27953DBF}"
EndProject
Project("{9A19103F-16F7-4668-BE54-9A1E7A4F7556}") = "R5T.Y0000", "..\..\R5T.Y0000\source\R5T.Y0000\R5T.Y0000.csproj", "{C17F8A44-FB2F-421F-9718-1DCB512570AA}"
EndProject
Project("{9A19103F-16F7-4668-BE54-9A1E7A4F7556}") = "R5T.Z0000", "..\..\R5T.Z0000\source\R5T.Z0000\R5T.Z0000.csproj", "{AE7D4D62-AB8D-4D7F-92A9-99978C9EFF77}"
EndProject
Project("{9A19103F-16F7-4668-BE54-9A1E7A4F7556}") = "R5T.T0141", "..\..\R5T.T0141\source\R5T.T0141\R5T.T0141.csproj", "{95C0D8A9-87C6-4154-8F2C-A5580F6BC22F}"
EndProject
Project("{9A19103F-16F7-4668-BE54-9A1E7A4F7556}") = "R5T.Z0015", "..\..\R5T.Z0015\source\R5T.Z0015\R5T.Z0015.csproj", "{BC3A8AC3-132D-4583-A992-0921CCCDA749}"
EndProject
Project("{9A19103F-16F7-4668-BE54-9A1E7A4F7556}") = "R5T.F0033", "..\..\R5T.F0033\source\R5T.F0033\R5T.F0033.csproj", "{6917D78E-C1CD-4B48-8A3A-D6B2A6A46A56}"
EndProject
Global
	GlobalSection(NestedProjects) = preSolution
		{4277DBF1-2507-45FB-B375-53248B81DBB6} = {DB19DE9C-29D9-406F-87ED-28B178FE9596}
		{DE9B8A7D-5E04-4FC0-A415-A970F467F9E2} = {DB19DE9C-29D9-406F-87ED-28B178FE9596}
		{1DC25150-F622-4F40-881C-B0DA4403136A} = {DB19DE9C-29D9-406F-87ED-28B178FE9596}
		{5D70E9B2-AF51-4298-9BEE-F4A87D9F8B03} = {DB19DE9C-29D9-406F-87ED-28B178FE9596}
		{B9196017-585C-481D-A104-DF81B6F0CAAC} = {DB19DE9C-29D9-406F-87ED-28B178FE9596}
		{41AED727-8E42-40A5-9F4F-B99FB4465409} = {DB19DE9C-29D9-406F-87ED-28B178FE9596}
		{559B78AC-0BF2-43B6-A8A6-290822DFBAE9} = {DB19DE9C-29D9-406F-87ED-28B178FE9596}
		{47C5DC0E-CE04-4CFE-8F96-5389A1C6AC40} = {DB19DE9C-29D9-406F-87ED-28B178FE9596}
		{934222C1-E534-4ED0-83EE-E279C57E5B67} = {DB19DE9C-29D9-406F-87ED-28B178FE9596}
		{B5F3433A-195A-43DA-8CC7-E84D547977AC} = {DB19DE9C-29D9-406F-87ED-28B178FE9596}
		{6A0B5929-E226-418E-AEDB-C71631E4A061} = {DB19DE9C-29D9-406F-87ED-28B178FE9596}
		{D94B5F98-66B3-4FF4-BE14-6C97DA4EAEED} = {DB19DE9C-29D9-406F-87ED-28B178FE9596}
		{9582E951-476A-4EED-BFB3-436EAB8AB3DB} = {DB19DE9C-29D9-406F-87ED-28B178FE9596}
		{B4A01A07-7935-4970-A8F6-B1BEB6E9CB57} = {DB19DE9C-29D9-406F-87ED-28B178FE9596}
		{1D3FB997-6DD4-4E08-AEA5-F52DBC28623B} = {DB19DE9C-29D9-406F-87ED-28B178FE9596}
		{572D5F8A-70E5-4923-860A-AEFD3245ABEF} = {DB19DE9C-29D9-406F-87ED-28B178FE9596}
		{5BA175D3-BC28-44C0-9F38-2AF3EF6DC6F3} = {DB19DE9C-29D9-406F-87ED-28B178FE9596}
		{0892ACB7-627F-4E42-8280-B7286A876DD9} = {DB19DE9C-29D9-406F-87ED-28B178FE9596}
		{4391711B-3A2C-4852-8207-7B890D2A1260} = {DB19DE9C-29D9-406F-87ED-28B178FE9596}
		{091BEB2C-E303-484E-BC5D-9F8D879C6C8D} = {DB19DE9C-29D9-406F-87ED-28B178FE9596}
		{37081DFD-F514-4B21-B221-8F28D896B0DE} = {DB19DE9C-29D9-406F-87ED-28B178FE9596}
		{FEDF534D-D6BD-4DD6-9EDE-27AD06E28347} = {DB19DE9C-29D9-406F-87ED-28B178FE9596}
		{EE483C27-89EF-45DE-B3EB-86D62DFCB0A3} = {DB19DE9C-29D9-406F-87ED-28B178FE9596}
		{94CBE302-92ED-4B2C-A1F6-CE5155E86DA9} = {DB19DE9C-29D9-406F-87ED-28B178FE9596}
		{0E730738-871E-488C-920B-92B4EACA572D} = {DB19DE9C-29D9-406F-87ED-28B178FE9596}
		{0DFB2071-C16B-4F8F-BCDF-307E27953DBF} = {DB19DE9C-29D9-406F-87ED-28B178FE9596}
		{C17F8A44-FB2F-421F-9718-1DCB512570AA} = {DB19DE9C-29D9-406F-87ED-28B178FE9596}
		{AE7D4D62-AB8D-4D7F-92A9-99978C9EFF77} = {DB19DE9C-29D9-406F-87ED-28B178FE9596}
		{95C0D8A9-87C6-4154-8F2C-A5580F6BC22F} = {DB19DE9C-29D9-406F-87ED-28B178FE9596}
		{BC3A8AC3-132D-4583-A992-0921CCCDA749} = {DB19DE9C-29D9-406F-87ED-28B178FE9596}
		{6917D78E-C1CD-4B48-8A3A-D6B2A6A46A56} = {DB19DE9C-29D9-406F-87ED-28B178FE9596}
	EndGlobalSection
	GlobalSection(SolutionConfigurationPlatforms) = preSolution
		Debug|Any CPU = Debug|Any CPU
		Release|Any CPU = Release|Any CPU
	EndGlobalSection
	GlobalSection(ProjectConfigurationPlatforms) = postSolution
		{795EE159-8A8F-4DC7-B4F8-D619C8DE54A2}.Debug|Any CPU.ActiveCfg = Debug|Any CPU
		{795EE159-8A8F-4DC7-B4F8-D619C8DE54A2}.Debug|Any CPU.Build.0 = Debug|Any CPU
		{795EE159-8A8F-4DC7-B4F8-D619C8DE54A2}.Release|Any CPU.ActiveCfg = Release|Any CPU
		{795EE159-8A8F-4DC7-B4F8-D619C8DE54A2}.Release|Any CPU.Build.0 = Release|Any CPU
		{4277DBF1-2507-45FB-B375-53248B81DBB6}.Debug|Any CPU.ActiveCfg = Debug|Any CPU
		{4277DBF1-2507-45FB-B375-53248B81DBB6}.Debug|Any CPU.Build.0 = Debug|Any CPU
		{4277DBF1-2507-45FB-B375-53248B81DBB6}.Release|Any CPU.ActiveCfg = Release|Any CPU
		{4277DBF1-2507-45FB-B375-53248B81DBB6}.Release|Any CPU.Build.0 = Release|Any CPU
		{DE9B8A7D-5E04-4FC0-A415-A970F467F9E2}.Debug|Any CPU.ActiveCfg = Debug|Any CPU
		{DE9B8A7D-5E04-4FC0-A415-A970F467F9E2}.Debug|Any CPU.Build.0 = Debug|Any CPU
		{DE9B8A7D-5E04-4FC0-A415-A970F467F9E2}.Release|Any CPU.ActiveCfg = Release|Any CPU
		{DE9B8A7D-5E04-4FC0-A415-A970F467F9E2}.Release|Any CPU.Build.0 = Release|Any CPU
		{1DC25150-F622-4F40-881C-B0DA4403136A}.Debug|Any CPU.ActiveCfg = Debug|Any CPU
		{1DC25150-F622-4F40-881C-B0DA4403136A}.Debug|Any CPU.Build.0 = Debug|Any CPU
		{1DC25150-F622-4F40-881C-B0DA4403136A}.Release|Any CPU.ActiveCfg = Release|Any CPU
		{1DC25150-F622-4F40-881C-B0DA4403136A}.Release|Any CPU.Build.0 = Release|Any CPU
		{5D70E9B2-AF51-4298-9BEE-F4A87D9F8B03}.Debug|Any CPU.ActiveCfg = Debug|Any CPU
		{5D70E9B2-AF51-4298-9BEE-F4A87D9F8B03}.Debug|Any CPU.Build.0 = Debug|Any CPU
		{5D70E9B2-AF51-4298-9BEE-F4A87D9F8B03}.Release|Any CPU.ActiveCfg = Release|Any CPU
		{5D70E9B2-AF51-4298-9BEE-F4A87D9F8B03}.Release|Any CPU.Build.0 = Release|Any CPU
		{B9196017-585C-481D-A104-DF81B6F0CAAC}.Debug|Any CPU.ActiveCfg = Debug|Any CPU
		{B9196017-585C-481D-A104-DF81B6F0CAAC}.Debug|Any CPU.Build.0 = Debug|Any CPU
		{B9196017-585C-481D-A104-DF81B6F0CAAC}.Release|Any CPU.ActiveCfg = Release|Any CPU
		{B9196017-585C-481D-A104-DF81B6F0CAAC}.Release|Any CPU.Build.0 = Release|Any CPU
		{41AED727-8E42-40A5-9F4F-B99FB4465409}.Debug|Any CPU.ActiveCfg = Debug|Any CPU
		{41AED727-8E42-40A5-9F4F-B99FB4465409}.Debug|Any CPU.Build.0 = Debug|Any CPU
		{41AED727-8E42-40A5-9F4F-B99FB4465409}.Release|Any CPU.ActiveCfg = Release|Any CPU
		{41AED727-8E42-40A5-9F4F-B99FB4465409}.Release|Any CPU.Build.0 = Release|Any CPU
		{559B78AC-0BF2-43B6-A8A6-290822DFBAE9}.Debug|Any CPU.ActiveCfg = Debug|Any CPU
		{559B78AC-0BF2-43B6-A8A6-290822DFBAE9}.Debug|Any CPU.Build.0 = Debug|Any CPU
		{559B78AC-0BF2-43B6-A8A6-290822DFBAE9}.Release|Any CPU.ActiveCfg = Release|Any CPU
		{559B78AC-0BF2-43B6-A8A6-290822DFBAE9}.Release|Any CPU.Build.0 = Release|Any CPU
		{47C5DC0E-CE04-4CFE-8F96-5389A1C6AC40}.Debug|Any CPU.ActiveCfg = Debug|Any CPU
		{47C5DC0E-CE04-4CFE-8F96-5389A1C6AC40}.Debug|Any CPU.Build.0 = Debug|Any CPU
		{47C5DC0E-CE04-4CFE-8F96-5389A1C6AC40}.Release|Any CPU.ActiveCfg = Release|Any CPU
		{47C5DC0E-CE04-4CFE-8F96-5389A1C6AC40}.Release|Any CPU.Build.0 = Release|Any CPU
		{934222C1-E534-4ED0-83EE-E279C57E5B67}.Debug|Any CPU.ActiveCfg = Debug|Any CPU
		{934222C1-E534-4ED0-83EE-E279C57E5B67}.Debug|Any CPU.Build.0 = Debug|Any CPU
		{934222C1-E534-4ED0-83EE-E279C57E5B67}.Release|Any CPU.ActiveCfg = Release|Any CPU
		{934222C1-E534-4ED0-83EE-E279C57E5B67}.Release|Any CPU.Build.0 = Release|Any CPU
		{B5F3433A-195A-43DA-8CC7-E84D547977AC}.Debug|Any CPU.ActiveCfg = Debug|Any CPU
		{B5F3433A-195A-43DA-8CC7-E84D547977AC}.Debug|Any CPU.Build.0 = Debug|Any CPU
		{B5F3433A-195A-43DA-8CC7-E84D547977AC}.Release|Any CPU.ActiveCfg = Release|Any CPU
		{B5F3433A-195A-43DA-8CC7-E84D547977AC}.Release|Any CPU.Build.0 = Release|Any CPU
		{6A0B5929-E226-418E-AEDB-C71631E4A061}.Debug|Any CPU.ActiveCfg = Debug|Any CPU
		{6A0B5929-E226-418E-AEDB-C71631E4A061}.Debug|Any CPU.Build.0 = Debug|Any CPU
		{6A0B5929-E226-418E-AEDB-C71631E4A061}.Release|Any CPU.ActiveCfg = Release|Any CPU
		{6A0B5929-E226-418E-AEDB-C71631E4A061}.Release|Any CPU.Build.0 = Release|Any CPU
		{D94B5F98-66B3-4FF4-BE14-6C97DA4EAEED}.Debug|Any CPU.ActiveCfg = Debug|Any CPU
		{D94B5F98-66B3-4FF4-BE14-6C97DA4EAEED}.Debug|Any CPU.Build.0 = Debug|Any CPU
		{D94B5F98-66B3-4FF4-BE14-6C97DA4EAEED}.Release|Any CPU.ActiveCfg = Release|Any CPU
		{D94B5F98-66B3-4FF4-BE14-6C97DA4EAEED}.Release|Any CPU.Build.0 = Release|Any CPU
		{9582E951-476A-4EED-BFB3-436EAB8AB3DB}.Debug|Any CPU.ActiveCfg = Debug|Any CPU
		{9582E951-476A-4EED-BFB3-436EAB8AB3DB}.Debug|Any CPU.Build.0 = Debug|Any CPU
		{9582E951-476A-4EED-BFB3-436EAB8AB3DB}.Release|Any CPU.ActiveCfg = Release|Any CPU
		{9582E951-476A-4EED-BFB3-436EAB8AB3DB}.Release|Any CPU.Build.0 = Release|Any CPU
		{B4A01A07-7935-4970-A8F6-B1BEB6E9CB57}.Debug|Any CPU.ActiveCfg = Debug|Any CPU
		{B4A01A07-7935-4970-A8F6-B1BEB6E9CB57}.Debug|Any CPU.Build.0 = Debug|Any CPU
		{B4A01A07-7935-4970-A8F6-B1BEB6E9CB57}.Release|Any CPU.ActiveCfg = Release|Any CPU
		{B4A01A07-7935-4970-A8F6-B1BEB6E9CB57}.Release|Any CPU.Build.0 = Release|Any CPU
		{1D3FB997-6DD4-4E08-AEA5-F52DBC28623B}.Debug|Any CPU.ActiveCfg = Debug|Any CPU
		{1D3FB997-6DD4-4E08-AEA5-F52DBC28623B}.Debug|Any CPU.Build.0 = Debug|Any CPU
		{1D3FB997-6DD4-4E08-AEA5-F52DBC28623B}.Release|Any CPU.ActiveCfg = Release|Any CPU
		{1D3FB997-6DD4-4E08-AEA5-F52DBC28623B}.Release|Any CPU.Build.0 = Release|Any CPU
		{572D5F8A-70E5-4923-860A-AEFD3245ABEF}.Debug|Any CPU.ActiveCfg = Debug|Any CPU
		{572D5F8A-70E5-4923-860A-AEFD3245ABEF}.Debug|Any CPU.Build.0 = Debug|Any CPU
		{572D5F8A-70E5-4923-860A-AEFD3245ABEF}.Release|Any CPU.ActiveCfg = Release|Any CPU
		{572D5F8A-70E5-4923-860A-AEFD3245ABEF}.Release|Any CPU.Build.0 = Release|Any CPU
		{5BA175D3-BC28-44C0-9F38-2AF3EF6DC6F3}.Debug|Any CPU.ActiveCfg = Debug|Any CPU
		{5BA175D3-BC28-44C0-9F38-2AF3EF6DC6F3}.Debug|Any CPU.Build.0 = Debug|Any CPU
		{5BA175D3-BC28-44C0-9F38-2AF3EF6DC6F3}.Release|Any CPU.ActiveCfg = Release|Any CPU
		{5BA175D3-BC28-44C0-9F38-2AF3EF6DC6F3}.Release|Any CPU.Build.0 = Release|Any CPU
		{0892ACB7-627F-4E42-8280-B7286A876DD9}.Debug|Any CPU.ActiveCfg = Debug|Any CPU
		{0892ACB7-627F-4E42-8280-B7286A876DD9}.Debug|Any CPU.Build.0 = Debug|Any CPU
		{0892ACB7-627F-4E42-8280-B7286A876DD9}.Release|Any CPU.ActiveCfg = Release|Any CPU
		{0892ACB7-627F-4E42-8280-B7286A876DD9}.Release|Any CPU.Build.0 = Release|Any CPU
		{4391711B-3A2C-4852-8207-7B890D2A1260}.Debug|Any CPU.ActiveCfg = Debug|Any CPU
		{4391711B-3A2C-4852-8207-7B890D2A1260}.Debug|Any CPU.Build.0 = Debug|Any CPU
		{4391711B-3A2C-4852-8207-7B890D2A1260}.Release|Any CPU.ActiveCfg = Release|Any CPU
		{4391711B-3A2C-4852-8207-7B890D2A1260}.Release|Any CPU.Build.0 = Release|Any CPU
		{091BEB2C-E303-484E-BC5D-9F8D879C6C8D}.Debug|Any CPU.ActiveCfg = Debug|Any CPU
		{091BEB2C-E303-484E-BC5D-9F8D879C6C8D}.Debug|Any CPU.Build.0 = Debug|Any CPU
		{091BEB2C-E303-484E-BC5D-9F8D879C6C8D}.Release|Any CPU.ActiveCfg = Release|Any CPU
		{091BEB2C-E303-484E-BC5D-9F8D879C6C8D}.Release|Any CPU.Build.0 = Release|Any CPU
		{37081DFD-F514-4B21-B221-8F28D896B0DE}.Debug|Any CPU.ActiveCfg = Debug|Any CPU
		{37081DFD-F514-4B21-B221-8F28D896B0DE}.Debug|Any CPU.Build.0 = Debug|Any CPU
		{37081DFD-F514-4B21-B221-8F28D896B0DE}.Release|Any CPU.ActiveCfg = Release|Any CPU
		{37081DFD-F514-4B21-B221-8F28D896B0DE}.Release|Any CPU.Build.0 = Release|Any CPU
		{FEDF534D-D6BD-4DD6-9EDE-27AD06E28347}.Debug|Any CPU.ActiveCfg = Debug|Any CPU
		{FEDF534D-D6BD-4DD6-9EDE-27AD06E28347}.Debug|Any CPU.Build.0 = Debug|Any CPU
		{FEDF534D-D6BD-4DD6-9EDE-27AD06E28347}.Release|Any CPU.ActiveCfg = Release|Any CPU
		{FEDF534D-D6BD-4DD6-9EDE-27AD06E28347}.Release|Any CPU.Build.0 = Release|Any CPU
		{EE483C27-89EF-45DE-B3EB-86D62DFCB0A3}.Debug|Any CPU.ActiveCfg = Debug|Any CPU
		{EE483C27-89EF-45DE-B3EB-86D62DFCB0A3}.Debug|Any CPU.Build.0 = Debug|Any CPU
		{EE483C27-89EF-45DE-B3EB-86D62DFCB0A3}.Release|Any CPU.ActiveCfg = Release|Any CPU
		{EE483C27-89EF-45DE-B3EB-86D62DFCB0A3}.Release|Any CPU.Build.0 = Release|Any CPU
		{94CBE302-92ED-4B2C-A1F6-CE5155E86DA9}.Debug|Any CPU.ActiveCfg = Debug|Any CPU
		{94CBE302-92ED-4B2C-A1F6-CE5155E86DA9}.Debug|Any CPU.Build.0 = Debug|Any CPU
		{94CBE302-92ED-4B2C-A1F6-CE5155E86DA9}.Release|Any CPU.ActiveCfg = Release|Any CPU
		{94CBE302-92ED-4B2C-A1F6-CE5155E86DA9}.Release|Any CPU.Build.0 = Release|Any CPU
		{0E730738-871E-488C-920B-92B4EACA572D}.Debug|Any CPU.ActiveCfg = Debug|Any CPU
		{0E730738-871E-488C-920B-92B4EACA572D}.Debug|Any CPU.Build.0 = Debug|Any CPU
		{0E730738-871E-488C-920B-92B4EACA572D}.Release|Any CPU.ActiveCfg = Release|Any CPU
		{0E730738-871E-488C-920B-92B4EACA572D}.Release|Any CPU.Build.0 = Release|Any CPU
		{0DFB2071-C16B-4F8F-BCDF-307E27953DBF}.Debug|Any CPU.ActiveCfg = Debug|Any CPU
		{0DFB2071-C16B-4F8F-BCDF-307E27953DBF}.Debug|Any CPU.Build.0 = Debug|Any CPU
		{0DFB2071-C16B-4F8F-BCDF-307E27953DBF}.Release|Any CPU.ActiveCfg = Release|Any CPU
		{0DFB2071-C16B-4F8F-BCDF-307E27953DBF}.Release|Any CPU.Build.0 = Release|Any CPU
		{C17F8A44-FB2F-421F-9718-1DCB512570AA}.Debug|Any CPU.ActiveCfg = Debug|Any CPU
		{C17F8A44-FB2F-421F-9718-1DCB512570AA}.Debug|Any CPU.Build.0 = Debug|Any CPU
		{C17F8A44-FB2F-421F-9718-1DCB512570AA}.Release|Any CPU.ActiveCfg = Release|Any CPU
		{C17F8A44-FB2F-421F-9718-1DCB512570AA}.Release|Any CPU.Build.0 = Release|Any CPU
		{AE7D4D62-AB8D-4D7F-92A9-99978C9EFF77}.Debug|Any CPU.ActiveCfg = Debug|Any CPU
		{AE7D4D62-AB8D-4D7F-92A9-99978C9EFF77}.Debug|Any CPU.Build.0 = Debug|Any CPU
		{AE7D4D62-AB8D-4D7F-92A9-99978C9EFF77}.Release|Any CPU.ActiveCfg = Release|Any CPU
		{AE7D4D62-AB8D-4D7F-92A9-99978C9EFF77}.Release|Any CPU.Build.0 = Release|Any CPU
		{95C0D8A9-87C6-4154-8F2C-A5580F6BC22F}.Debug|Any CPU.ActiveCfg = Debug|Any CPU
		{95C0D8A9-87C6-4154-8F2C-A5580F6BC22F}.Debug|Any CPU.Build.0 = Debug|Any CPU
		{95C0D8A9-87C6-4154-8F2C-A5580F6BC22F}.Release|Any CPU.ActiveCfg = Release|Any CPU
		{95C0D8A9-87C6-4154-8F2C-A5580F6BC22F}.Release|Any CPU.Build.0 = Release|Any CPU
		{BC3A8AC3-132D-4583-A992-0921CCCDA749}.Debug|Any CPU.ActiveCfg = Debug|Any CPU
		{BC3A8AC3-132D-4583-A992-0921CCCDA749}.Debug|Any CPU.Build.0 = Debug|Any CPU
		{BC3A8AC3-132D-4583-A992-0921CCCDA749}.Release|Any CPU.ActiveCfg = Release|Any CPU
		{BC3A8AC3-132D-4583-A992-0921CCCDA749}.Release|Any CPU.Build.0 = Release|Any CPU
		{6917D78E-C1CD-4B48-8A3A-D6B2A6A46A56}.Debug|Any CPU.ActiveCfg = Debug|Any CPU
		{6917D78E-C1CD-4B48-8A3A-D6B2A6A46A56}.Debug|Any CPU.Build.0 = Debug|Any CPU
		{6917D78E-C1CD-4B48-8A3A-D6B2A6A46A56}.Release|Any CPU.ActiveCfg = Release|Any CPU
		{6917D78E-C1CD-4B48-8A3A-D6B2A6A46A56}.Release|Any CPU.Build.0 = Release|Any CPU
	EndGlobalSection
	GlobalSection(SolutionProperties) = preSolution
		HideSolutionNode = FALSE
	EndGlobalSection
	GlobalSection(ExtensibilityGlobals) = postSolution
		SolutionGuid = {D3BB2668-8C50-40F0-9DE6-249E2EEBBA24}
	EndGlobalSection
EndGlobal
